
Microsoft Visual Studio Solution File, Format Version 12.00
# Visual Studio Version 17
VisualStudioVersion = 17.0.32112.339
MinimumVisualStudioVersion = 10.0.40219.1
Project("{2150E333-8FDC-42A3-9474-1A3956D46DE8}") = "Patterns", "Patterns", "{F8AFC535-E0E4-47D1-AA60-14E27DEE29CC}"
EndProject
Project("{2150E333-8FDC-42A3-9474-1A3956D46DE8}") = "Strategy", "Strategy", "{AB18B951-8D7B-4888-9EF7-49A9D25483F3}"
EndProject
Project("{9A19103F-16F7-4668-BE54-9A1E7A4F7556}") = "BIT.Patterns.Strategy.Context", "BIT.Patterns.Strategy\BIT.Patterns.Strategy.Context.csproj", "{3E4E5C3F-AC53-46E7-ACE5-A9986388407E}"
EndProject
Project("{9A19103F-16F7-4668-BE54-9A1E7A4F7556}") = "BIT.Patterns.Strategy.Delegates", "BIT.Patterns.Strategy.Delegates\BIT.Patterns.Strategy.Delegates.csproj", "{987568AA-7C0A-45F0-8751-4AA9247191BC}"
EndProject
Project("{2150E333-8FDC-42A3-9474-1A3956D46DE8}") = "Singleton", "Singleton", "{AB06B3B1-F642-4DF6-9D3D-44299B92448E}"
EndProject
Project("{9A19103F-16F7-4668-BE54-9A1E7A4F7556}") = "BIT.Patterns.Singleton", "BIT.Patterns.Singleton.NotThreadSafe\BIT.Patterns.Singleton.csproj", "{218C696F-4CED-4B50-BEC3-3E8109CDD8CD}"
EndProject
Project("{9A19103F-16F7-4668-BE54-9A1E7A4F7556}") = "ManualTest", "ManualTest\ManualTest.csproj", "{F90405EF-4434-4FB4-BE56-E976381F35E0}"
EndProject
Project("{2150E333-8FDC-42A3-9474-1A3956D46DE8}") = "Factory", "Factory", "{54C2AAA0-D9A0-46E8-A7C4-ABDB8869AD6A}"
EndProject
Project("{9A19103F-16F7-4668-BE54-9A1E7A4F7556}") = "BIT.Patterns.Factory", "BIT.Patterns.Singleton\BIT.Patterns.Factory.csproj", "{574E46E9-092B-4BB0-821D-8C8AF8713F1F}"
EndProject
Project("{2150E333-8FDC-42A3-9474-1A3956D46DE8}") = "DataStructure", "DataStructure", "{832DB1F4-454F-4051-A7A3-05BB281AE738}"
EndProject
Project("{9A19103F-16F7-4668-BE54-9A1E7A4F7556}") = "BIT.DataStructure", "BIT.DataStructure\BIT.DataStructure.csproj", "{D9EAF8B1-1886-4A81-9010-2FA81B8C6987}"
EndProject
Project("{2150E333-8FDC-42A3-9474-1A3956D46DE8}") = "BigONotation", "BigONotation", "{4BB59DEC-52C1-4735-8774-AE2A6F1F929E}"
EndProject
Project("{9A19103F-16F7-4668-BE54-9A1E7A4F7556}") = "BigONotation", "BigONotation\BigONotation.csproj", "{B7E65D09-C8B1-4B12-89A5-1CB725A9F2AD}"
EndProject
Project("{2150E333-8FDC-42A3-9474-1A3956D46DE8}") = "Algorithms", "Algorithms", "{FC709C9E-68F9-46C6-8BB8-17AC7096E2BA}"
EndProject
Project("{9A19103F-16F7-4668-BE54-9A1E7A4F7556}") = "BIT.Algorithms.Challenges", "BIT.Algorithms.Challenges\BIT.Algorithms.Challenges.csproj", "{47DC6123-38C9-4B87-AD7B-6EF90845BA7C}"
EndProject
Project("{2150E333-8FDC-42A3-9474-1A3956D46DE8}") = "Arrays", "Arrays", "{93DE3C41-3B4B-4E62-8986-00A20E83A42D}"
EndProject
Project("{9A19103F-16F7-4668-BE54-9A1E7A4F7556}") = "CliCode.Challenge.Arrays", "Arrays\CliCode.Challenge.Arrays\CliCode.Challenge.Arrays.csproj", "{E93D3CA0-1705-4B73-A284-B5EE728B11C1}"
EndProject
Global
	GlobalSection(SolutionConfigurationPlatforms) = preSolution
		Debug|Any CPU = Debug|Any CPU
		Release|Any CPU = Release|Any CPU
	EndGlobalSection
	GlobalSection(ProjectConfigurationPlatforms) = postSolution
		{3E4E5C3F-AC53-46E7-ACE5-A9986388407E}.Debug|Any CPU.ActiveCfg = Debug|Any CPU
		{3E4E5C3F-AC53-46E7-ACE5-A9986388407E}.Debug|Any CPU.Build.0 = Debug|Any CPU
		{3E4E5C3F-AC53-46E7-ACE5-A9986388407E}.Release|Any CPU.ActiveCfg = Release|Any CPU
		{3E4E5C3F-AC53-46E7-ACE5-A9986388407E}.Release|Any CPU.Build.0 = Release|Any CPU
		{987568AA-7C0A-45F0-8751-4AA9247191BC}.Debug|Any CPU.ActiveCfg = Debug|Any CPU
		{987568AA-7C0A-45F0-8751-4AA9247191BC}.Debug|Any CPU.Build.0 = Debug|Any CPU
		{987568AA-7C0A-45F0-8751-4AA9247191BC}.Release|Any CPU.ActiveCfg = Release|Any CPU
		{987568AA-7C0A-45F0-8751-4AA9247191BC}.Release|Any CPU.Build.0 = Release|Any CPU
		{218C696F-4CED-4B50-BEC3-3E8109CDD8CD}.Debug|Any CPU.ActiveCfg = Debug|Any CPU
		{218C696F-4CED-4B50-BEC3-3E8109CDD8CD}.Debug|Any CPU.Build.0 = Debug|Any CPU
		{218C696F-4CED-4B50-BEC3-3E8109CDD8CD}.Release|Any CPU.ActiveCfg = Release|Any CPU
		{218C696F-4CED-4B50-BEC3-3E8109CDD8CD}.Release|Any CPU.Build.0 = Release|Any CPU
		{F90405EF-4434-4FB4-BE56-E976381F35E0}.Debug|Any CPU.ActiveCfg = Debug|Any CPU
		{F90405EF-4434-4FB4-BE56-E976381F35E0}.Debug|Any CPU.Build.0 = Debug|Any CPU
		{F90405EF-4434-4FB4-BE56-E976381F35E0}.Release|Any CPU.ActiveCfg = Release|Any CPU
		{F90405EF-4434-4FB4-BE56-E976381F35E0}.Release|Any CPU.Build.0 = Release|Any CPU
		{574E46E9-092B-4BB0-821D-8C8AF8713F1F}.Debug|Any CPU.ActiveCfg = Debug|Any CPU
		{574E46E9-092B-4BB0-821D-8C8AF8713F1F}.Debug|Any CPU.Build.0 = Debug|Any CPU
		{574E46E9-092B-4BB0-821D-8C8AF8713F1F}.Release|Any CPU.ActiveCfg = Release|Any CPU
		{574E46E9-092B-4BB0-821D-8C8AF8713F1F}.Release|Any CPU.Build.0 = Release|Any CPU
		{D9EAF8B1-1886-4A81-9010-2FA81B8C6987}.Debug|Any CPU.ActiveCfg = Debug|Any CPU
		{D9EAF8B1-1886-4A81-9010-2FA81B8C6987}.Debug|Any CPU.Build.0 = Debug|Any CPU
		{D9EAF8B1-1886-4A81-9010-2FA81B8C6987}.Release|Any CPU.ActiveCfg = Release|Any CPU
		{D9EAF8B1-1886-4A81-9010-2FA81B8C6987}.Release|Any CPU.Build.0 = Release|Any CPU
		{B7E65D09-C8B1-4B12-89A5-1CB725A9F2AD}.Debug|Any CPU.ActiveCfg = Debug|Any CPU
		{B7E65D09-C8B1-4B12-89A5-1CB725A9F2AD}.Debug|Any CPU.Build.0 = Debug|Any CPU
		{B7E65D09-C8B1-4B12-89A5-1CB725A9F2AD}.Release|Any CPU.ActiveCfg = Release|Any CPU
		{B7E65D09-C8B1-4B12-89A5-1CB725A9F2AD}.Release|Any CPU.Build.0 = Release|Any CPU
		{47DC6123-38C9-4B87-AD7B-6EF90845BA7C}.Debug|Any CPU.ActiveCfg = Debug|Any CPU
		{47DC6123-38C9-4B87-AD7B-6EF90845BA7C}.Debug|Any CPU.Build.0 = Debug|Any CPU
		{47DC6123-38C9-4B87-AD7B-6EF90845BA7C}.Release|Any CPU.ActiveCfg = Release|Any CPU
		{47DC6123-38C9-4B87-AD7B-6EF90845BA7C}.Release|Any CPU.Build.0 = Release|Any CPU
		{E93D3CA0-1705-4B73-A284-B5EE728B11C1}.Debug|Any CPU.ActiveCfg = Debug|Any CPU
		{E93D3CA0-1705-4B73-A284-B5EE728B11C1}.Debug|Any CPU.Build.0 = Debug|Any CPU
		{E93D3CA0-1705-4B73-A284-B5EE728B11C1}.Release|Any CPU.ActiveCfg = Release|Any CPU
		{E93D3CA0-1705-4B73-A284-B5EE728B11C1}.Release|Any CPU.Build.0 = Release|Any CPU
	EndGlobalSection
	GlobalSection(SolutionProperties) = preSolution
		HideSolutionNode = FALSE
	EndGlobalSection
	GlobalSection(NestedProjects) = preSolution
		{AB18B951-8D7B-4888-9EF7-49A9D25483F3} = {F8AFC535-E0E4-47D1-AA60-14E27DEE29CC}
		{3E4E5C3F-AC53-46E7-ACE5-A9986388407E} = {AB18B951-8D7B-4888-9EF7-49A9D25483F3}
		{987568AA-7C0A-45F0-8751-4AA9247191BC} = {AB18B951-8D7B-4888-9EF7-49A9D25483F3}
		{AB06B3B1-F642-4DF6-9D3D-44299B92448E} = {F8AFC535-E0E4-47D1-AA60-14E27DEE29CC}
		{218C696F-4CED-4B50-BEC3-3E8109CDD8CD} = {AB06B3B1-F642-4DF6-9D3D-44299B92448E}
		{54C2AAA0-D9A0-46E8-A7C4-ABDB8869AD6A} = {F8AFC535-E0E4-47D1-AA60-14E27DEE29CC}
		{574E46E9-092B-4BB0-821D-8C8AF8713F1F} = {54C2AAA0-D9A0-46E8-A7C4-ABDB8869AD6A}
		{832DB1F4-454F-4051-A7A3-05BB281AE738} = {F8AFC535-E0E4-47D1-AA60-14E27DEE29CC}
		{D9EAF8B1-1886-4A81-9010-2FA81B8C6987} = {832DB1F4-454F-4051-A7A3-05BB281AE738}
		{4BB59DEC-52C1-4735-8774-AE2A6F1F929E} = {F8AFC535-E0E4-47D1-AA60-14E27DEE29CC}
		{B7E65D09-C8B1-4B12-89A5-1CB725A9F2AD} = {4BB59DEC-52C1-4735-8774-AE2A6F1F929E}
		{FC709C9E-68F9-46C6-8BB8-17AC7096E2BA} = {F8AFC535-E0E4-47D1-AA60-14E27DEE29CC}
		{47DC6123-38C9-4B87-AD7B-6EF90845BA7C} = {FC709C9E-68F9-46C6-8BB8-17AC7096E2BA}
		{E93D3CA0-1705-4B73-A284-B5EE728B11C1} = {93DE3C41-3B4B-4E62-8986-00A20E83A42D}
	EndGlobalSection
	GlobalSection(ExtensibilityGlobals) = postSolution
		SolutionGuid = {D15924DE-D3F2-4152-A2FC-1D8CC536323C}
	EndGlobalSection
EndGlobal
